
Microsoft Visual Studio Solution File, Format Version 11.00
# Visual Studio 2010
Project("{FAE04EC0-301F-11D3-BF4B-00C04F79EFBC}") = "BTek.WebAPI", "BTek.WebAPI\BTek.WebAPI.csproj", "{7A17A0D1-1062-4626-BB49-524C68C0000D}"
EndProject
Project("{FAE04EC0-301F-11D3-BF4B-00C04F79EFBC}") = "BTek.DataLayer", "BTek.Data\BTek.DataLayer.csproj", "{35069A2E-A3EE-4A4C-8939-47CB0E71554A}"
EndProject
Project("{2150E333-8FDC-42A3-9474-1A3956D46DE8}") = "Core", "Core", "{AED7EC63-8A0E-4FD4-A952-1758E3EC9EA7}"
EndProject
Project("{FAE04EC0-301F-11D3-BF4B-00C04F79EFBC}") = "BTek.BusinessObjects", "BTek.BusinessObjects\BTek.BusinessObjects.csproj", "{3C3CB2F8-1967-4881-A642-EA3620A12B3D}"
EndProject
Project("{2150E333-8FDC-42A3-9474-1A3956D46DE8}") = "Contract", "Contract", "{5CFD3485-8AD4-4FBC-B17D-A42F462F050C}"
EndProject
Project("{FAE04EC0-301F-11D3-BF4B-00C04F79EFBC}") = "BTek.Contract", "BTek.Contract\BTek.Contract.csproj", "{CE10B8C2-672A-4958-B49D-E966AEF60517}"
EndProject
Project("{2150E333-8FDC-42A3-9474-1A3956D46DE8}") = "Data", "Data", "{B7748727-25C6-4423-9F3C-2C51F2BC9A2E}"
EndProject
Project("{FAE04EC0-301F-11D3-BF4B-00C04F79EFBC}") = "BTek.BusinessLayer", "BTek.BusinessLayer\BTek.BusinessLayer.csproj", "{891315AF-DB67-45BE-8E11-BB84E7966EFD}"
EndProject
Project("{2150E333-8FDC-42A3-9474-1A3956D46DE8}") = "Application", "Application", "{7FEB4578-A8F5-41AB-AC55-3D1AF53D4296}"
EndProject
Project("{FAE04EC0-301F-11D3-BF4B-00C04F79EFBC}") = "BTek.Repository", "BTek.Repository\BTek.Repository.csproj", "{B5543D53-F234-40CB-BF55-F0EC68AA4F8B}"
EndProject
Global
	GlobalSection(SolutionConfigurationPlatforms) = preSolution
		Debug|Any CPU = Debug|Any CPU
		Release|Any CPU = Release|Any CPU
	EndGlobalSection
	GlobalSection(ProjectConfigurationPlatforms) = postSolution
		{7A17A0D1-1062-4626-BB49-524C68C0000D}.Debug|Any CPU.ActiveCfg = Debug|Any CPU
		{7A17A0D1-1062-4626-BB49-524C68C0000D}.Debug|Any CPU.Build.0 = Debug|Any CPU
		{7A17A0D1-1062-4626-BB49-524C68C0000D}.Release|Any CPU.ActiveCfg = Release|Any CPU
		{7A17A0D1-1062-4626-BB49-524C68C0000D}.Release|Any CPU.Build.0 = Release|Any CPU
		{35069A2E-A3EE-4A4C-8939-47CB0E71554A}.Debug|Any CPU.ActiveCfg = Debug|Any CPU
		{35069A2E-A3EE-4A4C-8939-47CB0E71554A}.Debug|Any CPU.Build.0 = Debug|Any CPU
		{35069A2E-A3EE-4A4C-8939-47CB0E71554A}.Release|Any CPU.ActiveCfg = Release|Any CPU
		{35069A2E-A3EE-4A4C-8939-47CB0E71554A}.Release|Any CPU.Build.0 = Release|Any CPU
		{3C3CB2F8-1967-4881-A642-EA3620A12B3D}.Debug|Any CPU.ActiveCfg = Debug|Any CPU
		{3C3CB2F8-1967-4881-A642-EA3620A12B3D}.Debug|Any CPU.Build.0 = Debug|Any CPU
		{3C3CB2F8-1967-4881-A642-EA3620A12B3D}.Release|Any CPU.ActiveCfg = Release|Any CPU
		{3C3CB2F8-1967-4881-A642-EA3620A12B3D}.Release|Any CPU.Build.0 = Release|Any CPU
		{CE10B8C2-672A-4958-B49D-E966AEF60517}.Debug|Any CPU.ActiveCfg = Debug|Any CPU
		{CE10B8C2-672A-4958-B49D-E966AEF60517}.Debug|Any CPU.Build.0 = Debug|Any CPU
		{CE10B8C2-672A-4958-B49D-E966AEF60517}.Release|Any CPU.ActiveCfg = Release|Any CPU
		{CE10B8C2-672A-4958-B49D-E966AEF60517}.Release|Any CPU.Build.0 = Release|Any CPU
		{891315AF-DB67-45BE-8E11-BB84E7966EFD}.Debug|Any CPU.ActiveCfg = Debug|Any CPU
		{891315AF-DB67-45BE-8E11-BB84E7966EFD}.Debug|Any CPU.Build.0 = Debug|Any CPU
		{891315AF-DB67-45BE-8E11-BB84E7966EFD}.Release|Any CPU.ActiveCfg = Release|Any CPU
		{891315AF-DB67-45BE-8E11-BB84E7966EFD}.Release|Any CPU.Build.0 = Release|Any CPU
		{B5543D53-F234-40CB-BF55-F0EC68AA4F8B}.Debug|Any CPU.ActiveCfg = Debug|Any CPU
		{B5543D53-F234-40CB-BF55-F0EC68AA4F8B}.Debug|Any CPU.Build.0 = Debug|Any CPU
		{B5543D53-F234-40CB-BF55-F0EC68AA4F8B}.Release|Any CPU.ActiveCfg = Release|Any CPU
		{B5543D53-F234-40CB-BF55-F0EC68AA4F8B}.Release|Any CPU.Build.0 = Release|Any CPU
	EndGlobalSection
	GlobalSection(SolutionProperties) = preSolution
		HideSolutionNode = FALSE
	EndGlobalSection
	GlobalSection(NestedProjects) = preSolution
		{7A17A0D1-1062-4626-BB49-524C68C0000D} = {7FEB4578-A8F5-41AB-AC55-3D1AF53D4296}
		{35069A2E-A3EE-4A4C-8939-47CB0E71554A} = {B7748727-25C6-4423-9F3C-2C51F2BC9A2E}
		{B5543D53-F234-40CB-BF55-F0EC68AA4F8B} = {B7748727-25C6-4423-9F3C-2C51F2BC9A2E}
		{3C3CB2F8-1967-4881-A642-EA3620A12B3D} = {AED7EC63-8A0E-4FD4-A952-1758E3EC9EA7}
		{891315AF-DB67-45BE-8E11-BB84E7966EFD} = {AED7EC63-8A0E-4FD4-A952-1758E3EC9EA7}
		{CE10B8C2-672A-4958-B49D-E966AEF60517} = {5CFD3485-8AD4-4FBC-B17D-A42F462F050C}
	EndGlobalSection
EndGlobal
